
Microsoft Visual Studio Solution File, Format Version 12.00
# Visual Studio Version 17
VisualStudioVersion = 17.0.31903.59
MinimumVisualStudioVersion = 10.0.40219.1
Project("{2150E333-8FDC-42A3-9474-1A3956D46DE8}") = "src", "src", "{BA78498A-F3D1-4C38-A30F-7FBC836A474E}"
EndProject
Project("{FAE04EC0-301F-11D3-BF4B-00C04F79EFBC}") = "ReleaseTwin.Core", "src\ReleaseTwin.Core\ReleaseTwin.Core.csproj", "{F26E6A1F-CD25-4390-B62B-DCC4777CDD71}"
EndProject
Project("{FAE04EC0-301F-11D3-BF4B-00C04F79EFBC}") = "ReleaseTwin.AdapterSdk", "src\ReleaseTwin.AdapterSdk\ReleaseTwin.AdapterSdk.csproj", "{C3B91E52-18C9-4EA6-98A5-27E08FCDF25A}"
EndProject
Project("{FAE04EC0-301F-11D3-BF4B-00C04F79EFBC}") = "ReleaseTwin.Adapters.ToyHttp", "src\ReleaseTwin.Adapters.ToyHttp\ReleaseTwin.Adapters.ToyHttp.csproj", "{F01B6480-F46C-4D5F-B79E-79FC99ADD56C}"
EndProject
Project("{FAE04EC0-301F-11D3-BF4B-00C04F79EFBC}") = "ReleaseTwin.Adapters.ToyFile", "src\ReleaseTwin.Adapters.ToyFile\ReleaseTwin.Adapters.ToyFile.csproj", "{D5E42D1C-FC7C-442C-827C-B35C7A4F3134}"
EndProject
Project("{2150E333-8FDC-42A3-9474-1A3956D46DE8}") = "tests", "tests", "{0EA0EDE4-E819-476F-AF1D-576DE0059566}"
EndProject
Project("{FAE04EC0-301F-11D3-BF4B-00C04F79EFBC}") = "ReleaseTwin.Core.Tests", "tests\ReleaseTwin.Core.Tests\ReleaseTwin.Core.Tests.csproj", "{D6B5B15B-A96B-4934-9E74-988281E1E7CE}"
EndProject
Project("{FAE04EC0-301F-11D3-BF4B-00C04F79EFBC}") = "ReleaseTwin.AdapterSdk.Tests", "tests\ReleaseTwin.AdapterSdk.Tests\ReleaseTwin.AdapterSdk.Tests.csproj", "{05A83354-CC23-49BD-81AF-14C495FBD2A8}"
EndProject
Project("{FAE04EC0-301F-11D3-BF4B-00C04F79EFBC}") = "ReleaseTwin.Adapters.AzureDevOps", "src\ReleaseTwin.Adapters.AzureDevOps\ReleaseTwin.Adapters.AzureDevOps.csproj", "{CEACC672-C518-4618-93F6-51379DC78B9B}"
EndProject
Project("{FAE04EC0-301F-11D3-BF4B-00C04F79EFBC}") = "ReleaseTwin.Adapters.AzureDevOps.Tests", "tests\ReleaseTwin.Adapters.AzureDevOps.Tests\ReleaseTwin.Adapters.AzureDevOps.Tests.csproj", "{F00DFD39-D075-4CD8-9D00-F69004F943EF}"
EndProject
Project("{FAE04EC0-301F-11D3-BF4B-00C04F79EFBC}") = "ReleaseTwin.Cli", "src\ReleaseTwin.Cli\ReleaseTwin.Cli.csproj", "{84EBAD64-6814-4CB4-AC5D-F13A10EC64CC}"
EndProject
Project("{FAE04EC0-301F-11D3-BF4B-00C04F79EFBC}") = "ReleaseTwin.Cli.Tests", "tests\ReleaseTwin.Cli.Tests\ReleaseTwin.Cli.Tests.csproj", "{8BC03245-8250-49AB-BDAF-55BAE4BFFBC3}"
EndProject
Project("{FAE04EC0-301F-11D3-BF4B-00C04F79EFBC}") = "ReleaseTwin.Adapters.Http", "src\ReleaseTwin.Adapters.Http\ReleaseTwin.Adapters.Http.csproj", "{3D396F84-4A7D-4C2D-BEF6-DA4480C29228}"
EndProject
Project("{FAE04EC0-301F-11D3-BF4B-00C04F79EFBC}") = "ReleaseTwin.Adapters.Http.Tests", "tests\ReleaseTwin.Adapters.Http.Tests\ReleaseTwin.Adapters.Http.Tests.csproj", "{84FFA667-D074-4AA3-BE42-63E172CC9917}"
EndProject
Global
	GlobalSection(SolutionConfigurationPlatforms) = preSolution
		Debug|Any CPU = Debug|Any CPU
		Debug|x64 = Debug|x64
		Debug|x86 = Debug|x86
		Release|Any CPU = Release|Any CPU
		Release|x64 = Release|x64
		Release|x86 = Release|x86
	EndGlobalSection
	GlobalSection(ProjectConfigurationPlatforms) = postSolution
		{F26E6A1F-CD25-4390-B62B-DCC4777CDD71}.Debug|Any CPU.ActiveCfg = Debug|Any CPU
		{F26E6A1F-CD25-4390-B62B-DCC4777CDD71}.Debug|Any CPU.Build.0 = Debug|Any CPU
		{F26E6A1F-CD25-4390-B62B-DCC4777CDD71}.Debug|x64.ActiveCfg = Debug|Any CPU
		{F26E6A1F-CD25-4390-B62B-DCC4777CDD71}.Debug|x64.Build.0 = Debug|Any CPU
		{F26E6A1F-CD25-4390-B62B-DCC4777CDD71}.Debug|x86.ActiveCfg = Debug|Any CPU
		{F26E6A1F-CD25-4390-B62B-DCC4777CDD71}.Debug|x86.Build.0 = Debug|Any CPU
		{F26E6A1F-CD25-4390-B62B-DCC4777CDD71}.Release|Any CPU.ActiveCfg = Release|Any CPU
		{F26E6A1F-CD25-4390-B62B-DCC4777CDD71}.Release|Any CPU.Build.0 = Release|Any CPU
		{F26E6A1F-CD25-4390-B62B-DCC4777CDD71}.Release|x64.ActiveCfg = Release|Any CPU
		{F26E6A1F-CD25-4390-B62B-DCC4777CDD71}.Release|x64.Build.0 = Release|Any CPU
		{F26E6A1F-CD25-4390-B62B-DCC4777CDD71}.Release|x86.ActiveCfg = Release|Any CPU
		{F26E6A1F-CD25-4390-B62B-DCC4777CDD71}.Release|x86.Build.0 = Release|Any CPU
		{C3B91E52-18C9-4EA6-98A5-27E08FCDF25A}.Debug|Any CPU.ActiveCfg = Debug|Any CPU
		{C3B91E52-18C9-4EA6-98A5-27E08FCDF25A}.Debug|Any CPU.Build.0 = Debug|Any CPU
		{C3B91E52-18C9-4EA6-98A5-27E08FCDF25A}.Debug|x64.ActiveCfg = Debug|Any CPU
		{C3B91E52-18C9-4EA6-98A5-27E08FCDF25A}.Debug|x64.Build.0 = Debug|Any CPU
		{C3B91E52-18C9-4EA6-98A5-27E08FCDF25A}.Debug|x86.ActiveCfg = Debug|Any CPU
		{C3B91E52-18C9-4EA6-98A5-27E08FCDF25A}.Debug|x86.Build.0 = Debug|Any CPU
		{C3B91E52-18C9-4EA6-98A5-27E08FCDF25A}.Release|Any CPU.ActiveCfg = Release|Any CPU
		{C3B91E52-18C9-4EA6-98A5-27E08FCDF25A}.Release|Any CPU.Build.0 = Release|Any CPU
		{C3B91E52-18C9-4EA6-98A5-27E08FCDF25A}.Release|x64.ActiveCfg = Release|Any CPU
		{C3B91E52-18C9-4EA6-98A5-27E08FCDF25A}.Release|x64.Build.0 = Release|Any CPU
		{C3B91E52-18C9-4EA6-98A5-27E08FCDF25A}.Release|x86.ActiveCfg = Release|Any CPU
		{C3B91E52-18C9-4EA6-98A5-27E08FCDF25A}.Release|x86.Build.0 = Release|Any CPU
		{F01B6480-F46C-4D5F-B79E-79FC99ADD56C}.Debug|Any CPU.ActiveCfg = Debug|Any CPU
		{F01B6480-F46C-4D5F-B79E-79FC99ADD56C}.Debug|Any CPU.Build.0 = Debug|Any CPU
		{F01B6480-F46C-4D5F-B79E-79FC99ADD56C}.Debug|x64.ActiveCfg = Debug|Any CPU
		{F01B6480-F46C-4D5F-B79E-79FC99ADD56C}.Debug|x64.Build.0 = Debug|Any CPU
		{F01B6480-F46C-4D5F-B79E-79FC99ADD56C}.Debug|x86.ActiveCfg = Debug|Any CPU
		{F01B6480-F46C-4D5F-B79E-79FC99ADD56C}.Debug|x86.Build.0 = Debug|Any CPU
		{F01B6480-F46C-4D5F-B79E-79FC99ADD56C}.Release|Any CPU.ActiveCfg = Release|Any CPU
		{F01B6480-F46C-4D5F-B79E-79FC99ADD56C}.Release|Any CPU.Build.0 = Release|Any CPU
		{F01B6480-F46C-4D5F-B79E-79FC99ADD56C}.Release|x64.ActiveCfg = Release|Any CPU
		{F01B6480-F46C-4D5F-B79E-79FC99ADD56C}.Release|x64.Build.0 = Release|Any CPU
		{F01B6480-F46C-4D5F-B79E-79FC99ADD56C}.Release|x86.ActiveCfg = Release|Any CPU
		{F01B6480-F46C-4D5F-B79E-79FC99ADD56C}.Release|x86.Build.0 = Release|Any CPU
		{D5E42D1C-FC7C-442C-827C-B35C7A4F3134}.Debug|Any CPU.ActiveCfg = Debug|Any CPU
		{D5E42D1C-FC7C-442C-827C-B35C7A4F3134}.Debug|Any CPU.Build.0 = Debug|Any CPU
		{D5E42D1C-FC7C-442C-827C-B35C7A4F3134}.Debug|x64.ActiveCfg = Debug|Any CPU
		{D5E42D1C-FC7C-442C-827C-B35C7A4F3134}.Debug|x64.Build.0 = Debug|Any CPU
		{D5E42D1C-FC7C-442C-827C-B35C7A4F3134}.Debug|x86.ActiveCfg = Debug|Any CPU
		{D5E42D1C-FC7C-442C-827C-B35C7A4F3134}.Debug|x86.Build.0 = Debug|Any CPU
		{D5E42D1C-FC7C-442C-827C-B35C7A4F3134}.Release|Any CPU.ActiveCfg = Release|Any CPU
		{D5E42D1C-FC7C-442C-827C-B35C7A4F3134}.Release|Any CPU.Build.0 = Release|Any CPU
		{D5E42D1C-FC7C-442C-827C-B35C7A4F3134}.Release|x64.ActiveCfg = Release|Any CPU
		{D5E42D1C-FC7C-442C-827C-B35C7A4F3134}.Release|x64.Build.0 = Release|Any CPU
		{D5E42D1C-FC7C-442C-827C-B35C7A4F3134}.Release|x86.ActiveCfg = Release|Any CPU
		{D5E42D1C-FC7C-442C-827C-B35C7A4F3134}.Release|x86.Build.0 = Release|Any CPU
		{D6B5B15B-A96B-4934-9E74-988281E1E7CE}.Debug|Any CPU.ActiveCfg = Debug|Any CPU
		{D6B5B15B-A96B-4934-9E74-988281E1E7CE}.Debug|Any CPU.Build.0 = Debug|Any CPU
		{D6B5B15B-A96B-4934-9E74-988281E1E7CE}.Debug|x64.ActiveCfg = Debug|Any CPU
		{D6B5B15B-A96B-4934-9E74-988281E1E7CE}.Debug|x64.Build.0 = Debug|Any CPU
		{D6B5B15B-A96B-4934-9E74-988281E1E7CE}.Debug|x86.ActiveCfg = Debug|Any CPU
		{D6B5B15B-A96B-4934-9E74-988281E1E7CE}.Debug|x86.Build.0 = Debug|Any CPU
		{D6B5B15B-A96B-4934-9E74-988281E1E7CE}.Release|Any CPU.ActiveCfg = Release|Any CPU
		{D6B5B15B-A96B-4934-9E74-988281E1E7CE}.Release|Any CPU.Build.0 = Release|Any CPU
		{D6B5B15B-A96B-4934-9E74-988281E1E7CE}.Release|x64.ActiveCfg = Release|Any CPU
		{D6B5B15B-A96B-4934-9E74-988281E1E7CE}.Release|x64.Build.0 = Release|Any CPU
		{D6B5B15B-A96B-4934-9E74-988281E1E7CE}.Release|x86.ActiveCfg = Release|Any CPU
		{D6B5B15B-A96B-4934-9E74-988281E1E7CE}.Release|x86.Build.0 = Release|Any CPU
		{05A83354-CC23-49BD-81AF-14C495FBD2A8}.Debug|Any CPU.ActiveCfg = Debug|Any CPU
		{05A83354-CC23-49BD-81AF-14C495FBD2A8}.Debug|Any CPU.Build.0 = Debug|Any CPU
		{05A83354-CC23-49BD-81AF-14C495FBD2A8}.Debug|x64.ActiveCfg = Debug|Any CPU
		{05A83354-CC23-49BD-81AF-14C495FBD2A8}.Debug|x64.Build.0 = Debug|Any CPU
		{05A83354-CC23-49BD-81AF-14C495FBD2A8}.Debug|x86.ActiveCfg = Debug|Any CPU
		{05A83354-CC23-49BD-81AF-14C495FBD2A8}.Debug|x86.Build.0 = Debug|Any CPU
		{05A83354-CC23-49BD-81AF-14C495FBD2A8}.Release|Any CPU.ActiveCfg = Release|Any CPU
		{05A83354-CC23-49BD-81AF-14C495FBD2A8}.Release|Any CPU.Build.0 = Release|Any CPU
		{05A83354-CC23-49BD-81AF-14C495FBD2A8}.Release|x64.ActiveCfg = Release|Any CPU
		{05A83354-CC23-49BD-81AF-14C495FBD2A8}.Release|x64.Build.0 = Release|Any CPU
		{05A83354-CC23-49BD-81AF-14C495FBD2A8}.Release|x86.ActiveCfg = Release|Any CPU
		{05A83354-CC23-49BD-81AF-14C495FBD2A8}.Release|x86.Build.0 = Release|Any CPU
		{CEACC672-C518-4618-93F6-51379DC78B9B}.Debug|Any CPU.ActiveCfg = Debug|Any CPU
		{CEACC672-C518-4618-93F6-51379DC78B9B}.Debug|Any CPU.Build.0 = Debug|Any CPU
		{CEACC672-C518-4618-93F6-51379DC78B9B}.Debug|x64.ActiveCfg = Debug|Any CPU
		{CEACC672-C518-4618-93F6-51379DC78B9B}.Debug|x64.Build.0 = Debug|Any CPU
		{CEACC672-C518-4618-93F6-51379DC78B9B}.Debug|x86.ActiveCfg = Debug|Any CPU
		{CEACC672-C518-4618-93F6-51379DC78B9B}.Debug|x86.Build.0 = Debug|Any CPU
		{CEACC672-C518-4618-93F6-51379DC78B9B}.Release|Any CPU.ActiveCfg = Release|Any CPU
		{CEACC672-C518-4618-93F6-51379DC78B9B}.Release|Any CPU.Build.0 = Release|Any CPU
		{CEACC672-C518-4618-93F6-51379DC78B9B}.Release|x64.ActiveCfg = Release|Any CPU
		{CEACC672-C518-4618-93F6-51379DC78B9B}.Release|x64.Build.0 = Release|Any CPU
		{CEACC672-C518-4618-93F6-51379DC78B9B}.Release|x86.ActiveCfg = Release|Any CPU
		{CEACC672-C518-4618-93F6-51379DC78B9B}.Release|x86.Build.0 = Release|Any CPU
		{F00DFD39-D075-4CD8-9D00-F69004F943EF}.Debug|Any CPU.ActiveCfg = Debug|Any CPU
		{F00DFD39-D075-4CD8-9D00-F69004F943EF}.Debug|Any CPU.Build.0 = Debug|Any CPU
		{F00DFD39-D075-4CD8-9D00-F69004F943EF}.Debug|x64.ActiveCfg = Debug|Any CPU
		{F00DFD39-D075-4CD8-9D00-F69004F943EF}.Debug|x64.Build.0 = Debug|Any CPU
		{F00DFD39-D075-4CD8-9D00-F69004F943EF}.Debug|x86.ActiveCfg = Debug|Any CPU
		{F00DFD39-D075-4CD8-9D00-F69004F943EF}.Debug|x86.Build.0 = Debug|Any CPU
		{F00DFD39-D075-4CD8-9D00-F69004F943EF}.Release|Any CPU.ActiveCfg = Release|Any CPU
		{F00DFD39-D075-4CD8-9D00-F69004F943EF}.Release|Any CPU.Build.0 = Release|Any CPU
		{F00DFD39-D075-4CD8-9D00-F69004F943EF}.Release|x64.ActiveCfg = Release|Any CPU
		{F00DFD39-D075-4CD8-9D00-F69004F943EF}.Release|x64.Build.0 = Release|Any CPU
		{F00DFD39-D075-4CD8-9D00-F69004F943EF}.Release|x86.ActiveCfg = Release|Any CPU
		{F00DFD39-D075-4CD8-9D00-F69004F943EF}.Release|x86.Build.0 = Release|Any CPU
		{84EBAD64-6814-4CB4-AC5D-F13A10EC64CC}.Debug|Any CPU.ActiveCfg = Debug|Any CPU
		{84EBAD64-6814-4CB4-AC5D-F13A10EC64CC}.Debug|Any CPU.Build.0 = Debug|Any CPU
		{84EBAD64-6814-4CB4-AC5D-F13A10EC64CC}.Debug|x64.ActiveCfg = Debug|Any CPU
		{84EBAD64-6814-4CB4-AC5D-F13A10EC64CC}.Debug|x64.Build.0 = Debug|Any CPU
		{84EBAD64-6814-4CB4-AC5D-F13A10EC64CC}.Debug|x86.ActiveCfg = Debug|Any CPU
		{84EBAD64-6814-4CB4-AC5D-F13A10EC64CC}.Debug|x86.Build.0 = Debug|Any CPU
		{84EBAD64-6814-4CB4-AC5D-F13A10EC64CC}.Release|Any CPU.ActiveCfg = Release|Any CPU
		{84EBAD64-6814-4CB4-AC5D-F13A10EC64CC}.Release|Any CPU.Build.0 = Release|Any CPU
		{84EBAD64-6814-4CB4-AC5D-F13A10EC64CC}.Release|x64.ActiveCfg = Release|Any CPU
		{84EBAD64-6814-4CB4-AC5D-F13A10EC64CC}.Release|x64.Build.0 = Release|Any CPU
		{84EBAD64-6814-4CB4-AC5D-F13A10EC64CC}.Release|x86.ActiveCfg = Release|Any CPU
		{84EBAD64-6814-4CB4-AC5D-F13A10EC64CC}.Release|x86.Build.0 = Release|Any CPU
		{8BC03245-8250-49AB-BDAF-55BAE4BFFBC3}.Debug|Any CPU.ActiveCfg = Debug|Any CPU
		{8BC03245-8250-49AB-BDAF-55BAE4BFFBC3}.Debug|Any CPU.Build.0 = Debug|Any CPU
		{8BC03245-8250-49AB-BDAF-55BAE4BFFBC3}.Debug|x64.ActiveCfg = Debug|Any CPU
		{8BC03245-8250-49AB-BDAF-55BAE4BFFBC3}.Debug|x64.Build.0 = Debug|Any CPU
		{8BC03245-8250-49AB-BDAF-55BAE4BFFBC3}.Debug|x86.ActiveCfg = Debug|Any CPU
		{8BC03245-8250-49AB-BDAF-55BAE4BFFBC3}.Debug|x86.Build.0 = Debug|Any CPU
		{8BC03245-8250-49AB-BDAF-55BAE4BFFBC3}.Release|Any CPU.ActiveCfg = Release|Any CPU
		{8BC03245-8250-49AB-BDAF-55BAE4BFFBC3}.Release|Any CPU.Build.0 = Release|Any CPU
		{8BC03245-8250-49AB-BDAF-55BAE4BFFBC3}.Release|x64.ActiveCfg = Release|Any CPU
		{8BC03245-8250-49AB-BDAF-55BAE4BFFBC3}.Release|x64.Build.0 = Release|Any CPU
		{8BC03245-8250-49AB-BDAF-55BAE4BFFBC3}.Release|x86.ActiveCfg = Release|Any CPU
		{8BC03245-8250-49AB-BDAF-55BAE4BFFBC3}.Release|x86.Build.0 = Release|Any CPU
		{3D396F84-4A7D-4C2D-BEF6-DA4480C29228}.Debug|Any CPU.ActiveCfg = Debug|Any CPU
		{3D396F84-4A7D-4C2D-BEF6-DA4480C29228}.Debug|Any CPU.Build.0 = Debug|Any CPU
		{3D396F84-4A7D-4C2D-BEF6-DA4480C29228}.Debug|x64.ActiveCfg = Debug|Any CPU
		{3D396F84-4A7D-4C2D-BEF6-DA4480C29228}.Debug|x64.Build.0 = Debug|Any CPU
		{3D396F84-4A7D-4C2D-BEF6-DA4480C29228}.Debug|x86.ActiveCfg = Debug|Any CPU
		{3D396F84-4A7D-4C2D-BEF6-DA4480C29228}.Debug|x86.Build.0 = Debug|Any CPU
		{3D396F84-4A7D-4C2D-BEF6-DA4480C29228}.Release|Any CPU.ActiveCfg = Release|Any CPU
		{3D396F84-4A7D-4C2D-BEF6-DA4480C29228}.Release|Any CPU.Build.0 = Release|Any CPU
		{3D396F84-4A7D-4C2D-BEF6-DA4480C29228}.Release|x64.ActiveCfg = Release|Any CPU
		{3D396F84-4A7D-4C2D-BEF6-DA4480C29228}.Release|x64.Build.0 = Release|Any CPU
		{3D396F84-4A7D-4C2D-BEF6-DA4480C29228}.Release|x86.ActiveCfg = Release|Any CPU
		{3D396F84-4A7D-4C2D-BEF6-DA4480C29228}.Release|x86.Build.0 = Release|Any CPU
		{84FFA667-D074-4AA3-BE42-63E172CC9917}.Debug|Any CPU.ActiveCfg = Debug|Any CPU
		{84FFA667-D074-4AA3-BE42-63E172CC9917}.Debug|Any CPU.Build.0 = Debug|Any CPU
		{84FFA667-D074-4AA3-BE42-63E172CC9917}.Debug|x64.ActiveCfg = Debug|Any CPU
		{84FFA667-D074-4AA3-BE42-63E172CC9917}.Debug|x64.Build.0 = Debug|Any CPU
		{84FFA667-D074-4AA3-BE42-63E172CC9917}.Debug|x86.ActiveCfg = Debug|Any CPU
		{84FFA667-D074-4AA3-BE42-63E172CC9917}.Debug|x86.Build.0 = Debug|Any CPU
		{84FFA667-D074-4AA3-BE42-63E172CC9917}.Release|Any CPU.ActiveCfg = Release|Any CPU
		{84FFA667-D074-4AA3-BE42-63E172CC9917}.Release|Any CPU.Build.0 = Release|Any CPU
		{84FFA667-D074-4AA3-BE42-63E172CC9917}.Release|x64.ActiveCfg = Release|Any CPU
		{84FFA667-D074-4AA3-BE42-63E172CC9917}.Release|x64.Build.0 = Release|Any CPU
		{84FFA667-D074-4AA3-BE42-63E172CC9917}.Release|x86.ActiveCfg = Release|Any CPU
		{84FFA667-D074-4AA3-BE42-63E172CC9917}.Release|x86.Build.0 = Release|Any CPU
	EndGlobalSection
	GlobalSection(SolutionProperties) = preSolution
		HideSolutionNode = FALSE
	EndGlobalSection
	GlobalSection(NestedProjects) = preSolution
		{F26E6A1F-CD25-4390-B62B-DCC4777CDD71} = {BA78498A-F3D1-4C38-A30F-7FBC836A474E}
		{C3B91E52-18C9-4EA6-98A5-27E08FCDF25A} = {BA78498A-F3D1-4C38-A30F-7FBC836A474E}
		{F01B6480-F46C-4D5F-B79E-79FC99ADD56C} = {BA78498A-F3D1-4C38-A30F-7FBC836A474E}
		{D5E42D1C-FC7C-442C-827C-B35C7A4F3134} = {BA78498A-F3D1-4C38-A30F-7FBC836A474E}
		{D6B5B15B-A96B-4934-9E74-988281E1E7CE} = {0EA0EDE4-E819-476F-AF1D-576DE0059566}
		{05A83354-CC23-49BD-81AF-14C495FBD2A8} = {0EA0EDE4-E819-476F-AF1D-576DE0059566}
		{CEACC672-C518-4618-93F6-51379DC78B9B} = {BA78498A-F3D1-4C38-A30F-7FBC836A474E}
		{F00DFD39-D075-4CD8-9D00-F69004F943EF} = {0EA0EDE4-E819-476F-AF1D-576DE0059566}
		{84EBAD64-6814-4CB4-AC5D-F13A10EC64CC} = {BA78498A-F3D1-4C38-A30F-7FBC836A474E}
		{8BC03245-8250-49AB-BDAF-55BAE4BFFBC3} = {0EA0EDE4-E819-476F-AF1D-576DE0059566}
		{3D396F84-4A7D-4C2D-BEF6-DA4480C29228} = {BA78498A-F3D1-4C38-A30F-7FBC836A474E}
		{84FFA667-D074-4AA3-BE42-63E172CC9917} = {0EA0EDE4-E819-476F-AF1D-576DE0059566}
	EndGlobalSection
EndGlobal
